// !$*UTF8*$!
{
	archiveVersion = 1;
	classes = {
	};
	objectVersion = 50;
	objects = {

/* Begin PBXBuildFile section */
		84B0303024F07BA300D2DB79 /* SouthParkWidgetAppApp.swift in Sources */ = {isa = PBXBuildFile; fileRef = 84B0302F24F07BA300D2DB79 /* SouthParkWidgetAppApp.swift */; };
		84B0303224F07BA300D2DB79 /* ContentView.swift in Sources */ = {isa = PBXBuildFile; fileRef = 84B0303124F07BA300D2DB79 /* ContentView.swift */; };
		84B0303424F07BA600D2DB79 /* Assets.xcassets in Resources */ = {isa = PBXBuildFile; fileRef = 84B0303324F07BA600D2DB79 /* Assets.xcassets */; };
		84B0303724F07BA600D2DB79 /* Preview Assets.xcassets in Resources */ = {isa = PBXBuildFile; fileRef = 84B0303624F07BA600D2DB79 /* Preview Assets.xcassets */; };
		84B0304224F07BA600D2DB79 /* SouthParkWidgetAppTests.swift in Sources */ = {isa = PBXBuildFile; fileRef = 84B0304124F07BA600D2DB79 /* SouthParkWidgetAppTests.swift */; };
		84B0304D24F07BA600D2DB79 /* SouthParkWidgetAppUITests.swift in Sources */ = {isa = PBXBuildFile; fileRef = 84B0304C24F07BA600D2DB79 /* SouthParkWidgetAppUITests.swift */; };
		84B0305B24F07C5200D2DB79 /* SPCharacter.swift in Sources */ = {isa = PBXBuildFile; fileRef = 84B0305A24F07C5200D2DB79 /* SPCharacter.swift */; };
		84B0305D24F0807400D2DB79 /* CircularImageView.swift in Sources */ = {isa = PBXBuildFile; fileRef = 84B0305C24F0807400D2DB79 /* CircularImageView.swift */; };
		84B0306124F081D300D2DB79 /* CharacterView.swift in Sources */ = {isa = PBXBuildFile; fileRef = 84B0306024F081D300D2DB79 /* CharacterView.swift */; };
		84B0306A24F08B5300D2DB79 /* WidgetKit.framework in Frameworks */ = {isa = PBXBuildFile; fileRef = 84B0306924F08B5300D2DB79 /* WidgetKit.framework */; };
		84B0306C24F08B5300D2DB79 /* SwiftUI.framework in Frameworks */ = {isa = PBXBuildFile; fileRef = 84B0306B24F08B5300D2DB79 /* SwiftUI.framework */; };
		84B0306F24F08B5300D2DB79 /* SouthParkWidget.swift in Sources */ = {isa = PBXBuildFile; fileRef = 84B0306E24F08B5300D2DB79 /* SouthParkWidget.swift */; };
		84B0307224F08B5500D2DB79 /* Assets.xcassets in Resources */ = {isa = PBXBuildFile; fileRef = 84B0307124F08B5500D2DB79 /* Assets.xcassets */; };
		84B0307424F08B5500D2DB79 /* SouthParkWidget.intentdefinition in Sources */ = {isa = PBXBuildFile; fileRef = 84B0307024F08B5300D2DB79 /* SouthParkWidget.intentdefinition */; };
		84B0307524F08B5500D2DB79 /* SouthParkWidget.intentdefinition in Sources */ = {isa = PBXBuildFile; fileRef = 84B0307024F08B5300D2DB79 /* SouthParkWidget.intentdefinition */; };
		84B0307824F08B5500D2DB79 /* SouthParkWidgetExtension.appex in Embed App Extensions */ = {isa = PBXBuildFile; fileRef = 84B0306724F08B5300D2DB79 /* SouthParkWidgetExtension.appex */; settings = {ATTRIBUTES = (RemoveHeadersOnCopy, ); }; };
/* End PBXBuildFile section */

/* Begin PBXContainerItemProxy section */
		84B0303E24F07BA600D2DB79 /* PBXContainerItemProxy */ = {
			isa = PBXContainerItemProxy;
			containerPortal = 84B0302424F07BA300D2DB79 /* Project object */;
			proxyType = 1;
			remoteGlobalIDString = 84B0302B24F07BA300D2DB79;
			remoteInfo = SouthParkWidgetApp;
		};
		84B0304924F07BA600D2DB79 /* PBXContainerItemProxy */ = {
			isa = PBXContainerItemProxy;
			containerPortal = 84B0302424F07BA300D2DB79 /* Project object */;
			proxyType = 1;
			remoteGlobalIDString = 84B0302B24F07BA300D2DB79;
			remoteInfo = SouthParkWidgetApp;
		};
		84B0307624F08B5500D2DB79 /* PBXContainerItemProxy */ = {
			isa = PBXContainerItemProxy;
			containerPortal = 84B0302424F07BA300D2DB79 /* Project object */;
			proxyType = 1;
			remoteGlobalIDString = 84B0306624F08B5300D2DB79;
			remoteInfo = SouthParkWidgetExtension;
		};
/* End PBXContainerItemProxy section */

/* Begin PBXCopyFilesBuildPhase section */
		84B0307C24F08B5500D2DB79 /* Embed App Extensions */ = {
			isa = PBXCopyFilesBuildPhase;
			buildActionMask = 2147483647;
			dstPath = "";
			dstSubfolderSpec = 13;
			files = (
				84B0307824F08B5500D2DB79 /* SouthParkWidgetExtension.appex in Embed App Extensions */,
			);
			name = "Embed App Extensions";
			runOnlyForDeploymentPostprocessing = 0;
		};
/* End PBXCopyFilesBuildPhase section */

/* Begin PBXFileReference section */
		84B0302C24F07BA300D2DB79 /* SouthParkWidgetApp.app */ = {isa = PBXFileReference; explicitFileType = wrapper.application; includeInIndex = 0; path = SouthParkWidgetApp.app; sourceTree = BUILT_PRODUCTS_DIR; };
		84B0302F24F07BA300D2DB79 /* SouthParkWidgetAppApp.swift */ = {isa = PBXFileReference; lastKnownFileType = sourcecode.swift; path = SouthParkWidgetAppApp.swift; sourceTree = "<group>"; };
		84B0303124F07BA300D2DB79 /* ContentView.swift */ = {isa = PBXFileReference; lastKnownFileType = sourcecode.swift; path = ContentView.swift; sourceTree = "<group>"; };
		84B0303324F07BA600D2DB79 /* Assets.xcassets */ = {isa = PBXFileReference; lastKnownFileType = folder.assetcatalog; path = Assets.xcassets; sourceTree = "<group>"; };
		84B0303624F07BA600D2DB79 /* Preview Assets.xcassets */ = {isa = PBXFileReference; lastKnownFileType = folder.assetcatalog; path = "Preview Assets.xcassets"; sourceTree = "<group>"; };
		84B0303824F07BA600D2DB79 /* Info.plist */ = {isa = PBXFileReference; lastKnownFileType = text.plist.xml; path = Info.plist; sourceTree = "<group>"; };
		84B0303D24F07BA600D2DB79 /* SouthParkWidgetAppTests.xctest */ = {isa = PBXFileReference; explicitFileType = wrapper.cfbundle; includeInIndex = 0; path = SouthParkWidgetAppTests.xctest; sourceTree = BUILT_PRODUCTS_DIR; };
		84B0304124F07BA600D2DB79 /* SouthParkWidgetAppTests.swift */ = {isa = PBXFileReference; lastKnownFileType = sourcecode.swift; path = SouthParkWidgetAppTests.swift; sourceTree = "<group>"; };
		84B0304324F07BA600D2DB79 /* Info.plist */ = {isa = PBXFileReference; lastKnownFileType = text.plist.xml; path = Info.plist; sourceTree = "<group>"; };
		84B0304824F07BA600D2DB79 /* SouthParkWidgetAppUITests.xctest */ = {isa = PBXFileReference; explicitFileType = wrapper.cfbundle; includeInIndex = 0; path = SouthParkWidgetAppUITests.xctest; sourceTree = BUILT_PRODUCTS_DIR; };
		84B0304C24F07BA600D2DB79 /* SouthParkWidgetAppUITests.swift */ = {isa = PBXFileReference; lastKnownFileType = sourcecode.swift; path = SouthParkWidgetAppUITests.swift; sourceTree = "<group>"; };
		84B0304E24F07BA600D2DB79 /* Info.plist */ = {isa = PBXFileReference; lastKnownFileType = text.plist.xml; path = Info.plist; sourceTree = "<group>"; };
		84B0305A24F07C5200D2DB79 /* SPCharacter.swift */ = {isa = PBXFileReference; lastKnownFileType = sourcecode.swift; path = SPCharacter.swift; sourceTree = "<group>"; };
		84B0305C24F0807400D2DB79 /* CircularImageView.swift */ = {isa = PBXFileReference; lastKnownFileType = sourcecode.swift; path = CircularImageView.swift; sourceTree = "<group>"; };
		84B0306024F081D300D2DB79 /* CharacterView.swift */ = {isa = PBXFileReference; lastKnownFileType = sourcecode.swift; path = CharacterView.swift; sourceTree = "<group>"; };
		84B0306224F086FC00D2DB79 /* SouthParkWidgetApp.entitlements */ = {isa = PBXFileReference; lastKnownFileType = text.plist.entitlements; path = SouthParkWidgetApp.entitlements; sourceTree = "<group>"; };
		84B0306724F08B5300D2DB79 /* SouthParkWidgetExtension.appex */ = {isa = PBXFileReference; explicitFileType = "wrapper.app-extension"; includeInIndex = 0; path = SouthParkWidgetExtension.appex; sourceTree = BUILT_PRODUCTS_DIR; };
		84B0306924F08B5300D2DB79 /* WidgetKit.framework */ = {isa = PBXFileReference; lastKnownFileType = wrapper.framework; name = WidgetKit.framework; path = System/Library/Frameworks/WidgetKit.framework; sourceTree = SDKROOT; };
		84B0306B24F08B5300D2DB79 /* SwiftUI.framework */ = {isa = PBXFileReference; lastKnownFileType = wrapper.framework; name = SwiftUI.framework; path = System/Library/Frameworks/SwiftUI.framework; sourceTree = SDKROOT; };
		84B0306E24F08B5300D2DB79 /* SouthParkWidget.swift */ = {isa = PBXFileReference; lastKnownFileType = sourcecode.swift; path = SouthParkWidget.swift; sourceTree = "<group>"; };
		84B0307024F08B5300D2DB79 /* SouthParkWidget.intentdefinition */ = {isa = PBXFileReference; lastKnownFileType = file.intentdefinition; path = SouthParkWidget.intentdefinition; sourceTree = "<group>"; };
		84B0307124F08B5500D2DB79 /* Assets.xcassets */ = {isa = PBXFileReference; lastKnownFileType = folder.assetcatalog; path = Assets.xcassets; sourceTree = "<group>"; };
		84B0307324F08B5500D2DB79 /* Info.plist */ = {isa = PBXFileReference; lastKnownFileType = text.plist.xml; path = Info.plist; sourceTree = "<group>"; };
/* End PBXFileReference section */

/* Begin PBXFrameworksBuildPhase section */
		84B0302924F07BA300D2DB79 /* Frameworks */ = {
			isa = PBXFrameworksBuildPhase;
			buildActionMask = 2147483647;
			files = (
			);
			runOnlyForDeploymentPostprocessing = 0;
		};
		84B0303A24F07BA600D2DB79 /* Frameworks */ = {
			isa = PBXFrameworksBuildPhase;
			buildActionMask = 2147483647;
			files = (
			);
			runOnlyForDeploymentPostprocessing = 0;
		};
		84B0304524F07BA600D2DB79 /* Frameworks */ = {
			isa = PBXFrameworksBuildPhase;
			buildActionMask = 2147483647;
			files = (
			);
			runOnlyForDeploymentPostprocessing = 0;
		};
		84B0306424F08B5300D2DB79 /* Frameworks */ = {
			isa = PBXFrameworksBuildPhase;
			buildActionMask = 2147483647;
			files = (
				84B0306C24F08B5300D2DB79 /* SwiftUI.framework in Frameworks */,
				84B0306A24F08B5300D2DB79 /* WidgetKit.framework in Frameworks */,
			);
			runOnlyForDeploymentPostprocessing = 0;
		};
/* End PBXFrameworksBuildPhase section */

/* Begin PBXGroup section */
		84B0302324F07BA300D2DB79 = {
			isa = PBXGroup;
			children = (
				84B0302E24F07BA300D2DB79 /* SouthParkWidgetApp */,
				84B0304024F07BA600D2DB79 /* SouthParkWidgetAppTests */,
				84B0304B24F07BA600D2DB79 /* SouthParkWidgetAppUITests */,
				84B0306D24F08B5300D2DB79 /* SouthParkWidget */,
				84B0306824F08B5300D2DB79 /* Frameworks */,
				84B0302D24F07BA300D2DB79 /* Products */,
			);
			sourceTree = "<group>";
		};
		84B0302D24F07BA300D2DB79 /* Products */ = {
			isa = PBXGroup;
			children = (
				84B0302C24F07BA300D2DB79 /* SouthParkWidgetApp.app */,
				84B0303D24F07BA600D2DB79 /* SouthParkWidgetAppTests.xctest */,
				84B0304824F07BA600D2DB79 /* SouthParkWidgetAppUITests.xctest */,
				84B0306724F08B5300D2DB79 /* SouthParkWidgetExtension.appex */,
			);
			name = Products;
			sourceTree = "<group>";
		};
		84B0302E24F07BA300D2DB79 /* SouthParkWidgetApp */ = {
			isa = PBXGroup;
			children = (
				84B0306224F086FC00D2DB79 /* SouthParkWidgetApp.entitlements */,
				84B0302F24F07BA300D2DB79 /* SouthParkWidgetAppApp.swift */,
				84B0305A24F07C5200D2DB79 /* SPCharacter.swift */,
				84B0303124F07BA300D2DB79 /* ContentView.swift */,
				84B0306024F081D300D2DB79 /* CharacterView.swift */,
				84B0303324F07BA600D2DB79 /* Assets.xcassets */,
				84B0305C24F0807400D2DB79 /* CircularImageView.swift */,
				84B0303824F07BA600D2DB79 /* Info.plist */,
				84B0303524F07BA600D2DB79 /* Preview Content */,
			);
			path = SouthParkWidgetApp;
			sourceTree = "<group>";
		};
		84B0303524F07BA600D2DB79 /* Preview Content */ = {
			isa = PBXGroup;
			children = (
				84B0303624F07BA600D2DB79 /* Preview Assets.xcassets */,
			);
			path = "Preview Content";
			sourceTree = "<group>";
		};
		84B0304024F07BA600D2DB79 /* SouthParkWidgetAppTests */ = {
			isa = PBXGroup;
			children = (
				84B0304124F07BA600D2DB79 /* SouthParkWidgetAppTests.swift */,
				84B0304324F07BA600D2DB79 /* Info.plist */,
			);
			path = SouthParkWidgetAppTests;
			sourceTree = "<group>";
		};
		84B0304B24F07BA600D2DB79 /* SouthParkWidgetAppUITests */ = {
			isa = PBXGroup;
			children = (
				84B0304C24F07BA600D2DB79 /* SouthParkWidgetAppUITests.swift */,
				84B0304E24F07BA600D2DB79 /* Info.plist */,
			);
			path = SouthParkWidgetAppUITests;
			sourceTree = "<group>";
		};
		84B0306824F08B5300D2DB79 /* Frameworks */ = {
			isa = PBXGroup;
			children = (
				84B0306924F08B5300D2DB79 /* WidgetKit.framework */,
				84B0306B24F08B5300D2DB79 /* SwiftUI.framework */,
			);
			name = Frameworks;
			sourceTree = "<group>";
		};
		84B0306D24F08B5300D2DB79 /* SouthParkWidget */ = {
			isa = PBXGroup;
			children = (
				84B0306E24F08B5300D2DB79 /* SouthParkWidget.swift */,
				84B0307024F08B5300D2DB79 /* SouthParkWidget.intentdefinition */,
				84B0307124F08B5500D2DB79 /* Assets.xcassets */,
				84B0307324F08B5500D2DB79 /* Info.plist */,
			);
			path = SouthParkWidget;
			sourceTree = "<group>";
		};
/* End PBXGroup section */

/* Begin PBXNativeTarget section */
		84B0302B24F07BA300D2DB79 /* SouthParkWidgetApp */ = {
			isa = PBXNativeTarget;
			buildConfigurationList = 84B0305124F07BA600D2DB79 /* Build configuration list for PBXNativeTarget "SouthParkWidgetApp" */;
			buildPhases = (
				84B0302824F07BA300D2DB79 /* Sources */,
				84B0302924F07BA300D2DB79 /* Frameworks */,
				84B0302A24F07BA300D2DB79 /* Resources */,
				84B0307C24F08B5500D2DB79 /* Embed App Extensions */,
			);
			buildRules = (
			);
			dependencies = (
				84B0307724F08B5500D2DB79 /* PBXTargetDependency */,
			);
			name = SouthParkWidgetApp;
			productName = SouthParkWidgetApp;
			productReference = 84B0302C24F07BA300D2DB79 /* SouthParkWidgetApp.app */;
			productType = "com.apple.product-type.application";
		};
		84B0303C24F07BA600D2DB79 /* SouthParkWidgetAppTests */ = {
			isa = PBXNativeTarget;
			buildConfigurationList = 84B0305424F07BA600D2DB79 /* Build configuration list for PBXNativeTarget "SouthParkWidgetAppTests" */;
			buildPhases = (
				84B0303924F07BA600D2DB79 /* Sources */,
				84B0303A24F07BA600D2DB79 /* Frameworks */,
				84B0303B24F07BA600D2DB79 /* Resources */,
			);
			buildRules = (
			);
			dependencies = (
				84B0303F24F07BA600D2DB79 /* PBXTargetDependency */,
			);
			name = SouthParkWidgetAppTests;
			productName = SouthParkWidgetAppTests;
			productReference = 84B0303D24F07BA600D2DB79 /* SouthParkWidgetAppTests.xctest */;
			productType = "com.apple.product-type.bundle.unit-test";
		};
		84B0304724F07BA600D2DB79 /* SouthParkWidgetAppUITests */ = {
			isa = PBXNativeTarget;
			buildConfigurationList = 84B0305724F07BA600D2DB79 /* Build configuration list for PBXNativeTarget "SouthParkWidgetAppUITests" */;
			buildPhases = (
				84B0304424F07BA600D2DB79 /* Sources */,
				84B0304524F07BA600D2DB79 /* Frameworks */,
				84B0304624F07BA600D2DB79 /* Resources */,
			);
			buildRules = (
			);
			dependencies = (
				84B0304A24F07BA600D2DB79 /* PBXTargetDependency */,
			);
			name = SouthParkWidgetAppUITests;
			productName = SouthParkWidgetAppUITests;
			productReference = 84B0304824F07BA600D2DB79 /* SouthParkWidgetAppUITests.xctest */;
			productType = "com.apple.product-type.bundle.ui-testing";
		};
		84B0306624F08B5300D2DB79 /* SouthParkWidgetExtension */ = {
			isa = PBXNativeTarget;
			buildConfigurationList = 84B0307924F08B5500D2DB79 /* Build configuration list for PBXNativeTarget "SouthParkWidgetExtension" */;
			buildPhases = (
				84B0306324F08B5300D2DB79 /* Sources */,
				84B0306424F08B5300D2DB79 /* Frameworks */,
				84B0306524F08B5300D2DB79 /* Resources */,
			);
			buildRules = (
			);
			dependencies = (
			);
			name = SouthParkWidgetExtension;
			productName = SouthParkWidgetExtension;
			productReference = 84B0306724F08B5300D2DB79 /* SouthParkWidgetExtension.appex */;
			productType = "com.apple.product-type.app-extension";
		};
/* End PBXNativeTarget section */

/* Begin PBXProject section */
		84B0302424F07BA300D2DB79 /* Project object */ = {
			isa = PBXProject;
			attributes = {
				LastSwiftUpdateCheck = 1200;
				LastUpgradeCheck = 1200;
				TargetAttributes = {
					84B0302B24F07BA300D2DB79 = {
						CreatedOnToolsVersion = 12.0;
					};
					84B0303C24F07BA600D2DB79 = {
						CreatedOnToolsVersion = 12.0;
						TestTargetID = 84B0302B24F07BA300D2DB79;
					};
					84B0304724F07BA600D2DB79 = {
						CreatedOnToolsVersion = 12.0;
						TestTargetID = 84B0302B24F07BA300D2DB79;
					};
					84B0306624F08B5300D2DB79 = {
						CreatedOnToolsVersion = 12.0;
					};
				};
			};
			buildConfigurationList = 84B0302724F07BA300D2DB79 /* Build configuration list for PBXProject "SouthParkWidgetApp" */;
			compatibilityVersion = "Xcode 9.3";
			developmentRegion = en;
			hasScannedForEncodings = 0;
			knownRegions = (
				en,
				Base,
			);
			mainGroup = 84B0302324F07BA300D2DB79;
			productRefGroup = 84B0302D24F07BA300D2DB79 /* Products */;
			projectDirPath = "";
			projectRoot = "";
			targets = (
				84B0302B24F07BA300D2DB79 /* SouthParkWidgetApp */,
				84B0303C24F07BA600D2DB79 /* SouthParkWidgetAppTests */,
				84B0304724F07BA600D2DB79 /* SouthParkWidgetAppUITests */,
				84B0306624F08B5300D2DB79 /* SouthParkWidgetExtension */,
			);
		};
/* End PBXProject section */

/* Begin PBXResourcesBuildPhase section */
		84B0302A24F07BA300D2DB79 /* Resources */ = {
			isa = PBXResourcesBuildPhase;
			buildActionMask = 2147483647;
			files = (
				84B0303724F07BA600D2DB79 /* Preview Assets.xcassets in Resources */,
				84B0303424F07BA600D2DB79 /* Assets.xcassets in Resources */,
			);
			runOnlyForDeploymentPostprocessing = 0;
		};
		84B0303B24F07BA600D2DB79 /* Resources */ = {
			isa = PBXResourcesBuildPhase;
			buildActionMask = 2147483647;
			files = (
			);
			runOnlyForDeploymentPostprocessing = 0;
		};
		84B0304624F07BA600D2DB79 /* Resources */ = {
			isa = PBXResourcesBuildPhase;
			buildActionMask = 2147483647;
			files = (
			);
			runOnlyForDeploymentPostprocessing = 0;
		};
		84B0306524F08B5300D2DB79 /* Resources */ = {
			isa = PBXResourcesBuildPhase;
			buildActionMask = 2147483647;
			files = (
				84B0307224F08B5500D2DB79 /* Assets.xcassets in Resources */,
			);
			runOnlyForDeploymentPostprocessing = 0;
		};
/* End PBXResourcesBuildPhase section */

/* Begin PBXSourcesBuildPhase section */
		84B0302824F07BA300D2DB79 /* Sources */ = {
			isa = PBXSourcesBuildPhase;
			buildActionMask = 2147483647;
			files = (
				84B0307524F08B5500D2DB79 /* SouthParkWidget.intentdefinition in Sources */,
				84B0303224F07BA300D2DB79 /* ContentView.swift in Sources */,
				84B0305D24F0807400D2DB79 /* CircularImageView.swift in Sources */,
				84B0306124F081D300D2DB79 /* CharacterView.swift in Sources */,
				84B0303024F07BA300D2DB79 /* SouthParkWidgetAppApp.swift in Sources */,
				84B0305B24F07C5200D2DB79 /* SPCharacter.swift in Sources */,
			);
			runOnlyForDeploymentPostprocessing = 0;
		};
		84B0303924F07BA600D2DB79 /* Sources */ = {
			isa = PBXSourcesBuildPhase;
			buildActionMask = 2147483647;
			files = (
				84B0304224F07BA600D2DB79 /* SouthParkWidgetAppTests.swift in Sources */,
			);
			runOnlyForDeploymentPostprocessing = 0;
		};
		84B0304424F07BA600D2DB79 /* Sources */ = {
			isa = PBXSourcesBuildPhase;
			buildActionMask = 2147483647;
			files = (
				84B0304D24F07BA600D2DB79 /* SouthParkWidgetAppUITests.swift in Sources */,
			);
			runOnlyForDeploymentPostprocessing = 0;
		};
		84B0306324F08B5300D2DB79 /* Sources */ = {
			isa = PBXSourcesBuildPhase;
			buildActionMask = 2147483647;
			files = (
				84B0307424F08B5500D2DB79 /* SouthParkWidget.intentdefinition in Sources */,
				84B0306F24F08B5300D2DB79 /* SouthParkWidget.swift in Sources */,
			);
			runOnlyForDeploymentPostprocessing = 0;
		};
/* End PBXSourcesBuildPhase section */

/* Begin PBXTargetDependency section */
		84B0303F24F07BA600D2DB79 /* PBXTargetDependency */ = {
			isa = PBXTargetDependency;
			target = 84B0302B24F07BA300D2DB79 /* SouthParkWidgetApp */;
			targetProxy = 84B0303E24F07BA600D2DB79 /* PBXContainerItemProxy */;
		};
		84B0304A24F07BA600D2DB79 /* PBXTargetDependency */ = {
			isa = PBXTargetDependency;
			target = 84B0302B24F07BA300D2DB79 /* SouthParkWidgetApp */;
			targetProxy = 84B0304924F07BA600D2DB79 /* PBXContainerItemProxy */;
		};
		84B0307724F08B5500D2DB79 /* PBXTargetDependency */ = {
			isa = PBXTargetDependency;
			target = 84B0306624F08B5300D2DB79 /* SouthParkWidgetExtension */;
			targetProxy = 84B0307624F08B5500D2DB79 /* PBXContainerItemProxy */;
		};
/* End PBXTargetDependency section */

/* Begin XCBuildConfiguration section */
		84B0304F24F07BA600D2DB79 /* Debug */ = {
			isa = XCBuildConfiguration;
			buildSettings = {
				ALWAYS_SEARCH_USER_PATHS = NO;
				CLANG_ANALYZER_NONNULL = YES;
				CLANG_ANALYZER_NUMBER_OBJECT_CONVERSION = YES_AGGRESSIVE;
				CLANG_CXX_LANGUAGE_STANDARD = "gnu++14";
				CLANG_CXX_LIBRARY = "libc++";
				CLANG_ENABLE_MODULES = YES;
				CLANG_ENABLE_OBJC_ARC = YES;
				CLANG_ENABLE_OBJC_WEAK = YES;
				CLANG_WARN_BLOCK_CAPTURE_AUTORELEASING = YES;
				CLANG_WARN_BOOL_CONVERSION = YES;
				CLANG_WARN_COMMA = YES;
				CLANG_WARN_CONSTANT_CONVERSION = YES;
				CLANG_WARN_DEPRECATED_OBJC_IMPLEMENTATIONS = YES;
				CLANG_WARN_DIRECT_OBJC_ISA_USAGE = YES_ERROR;
				CLANG_WARN_DOCUMENTATION_COMMENTS = YES;
				CLANG_WARN_EMPTY_BODY = YES;
				CLANG_WARN_ENUM_CONVERSION = YES;
				CLANG_WARN_INFINITE_RECURSION = YES;
				CLANG_WARN_INT_CONVERSION = YES;
				CLANG_WARN_NON_LITERAL_NULL_CONVERSION = YES;
				CLANG_WARN_OBJC_IMPLICIT_RETAIN_SELF = YES;
				CLANG_WARN_OBJC_LITERAL_CONVERSION = YES;
				CLANG_WARN_OBJC_ROOT_CLASS = YES_ERROR;
				CLANG_WARN_QUOTED_INCLUDE_IN_FRAMEWORK_HEADER = YES;
				CLANG_WARN_RANGE_LOOP_ANALYSIS = YES;
				CLANG_WARN_STRICT_PROTOTYPES = YES;
				CLANG_WARN_SUSPICIOUS_MOVE = YES;
				CLANG_WARN_UNGUARDED_AVAILABILITY = YES_AGGRESSIVE;
				CLANG_WARN_UNREACHABLE_CODE = YES;
				CLANG_WARN__DUPLICATE_METHOD_MATCH = YES;
				COPY_PHASE_STRIP = NO;
				DEBUG_INFORMATION_FORMAT = dwarf;
				ENABLE_STRICT_OBJC_MSGSEND = YES;
				ENABLE_TESTABILITY = YES;
				GCC_C_LANGUAGE_STANDARD = gnu11;
				GCC_DYNAMIC_NO_PIC = NO;
				GCC_NO_COMMON_BLOCKS = YES;
				GCC_OPTIMIZATION_LEVEL = 0;
				GCC_PREPROCESSOR_DEFINITIONS = (
					"DEBUG=1",
					"$(inherited)",
				);
				GCC_WARN_64_TO_32_BIT_CONVERSION = YES;
				GCC_WARN_ABOUT_RETURN_TYPE = YES_ERROR;
				GCC_WARN_UNDECLARED_SELECTOR = YES;
				GCC_WARN_UNINITIALIZED_AUTOS = YES_AGGRESSIVE;
				GCC_WARN_UNUSED_FUNCTION = YES;
				GCC_WARN_UNUSED_VARIABLE = YES;
				IPHONEOS_DEPLOYMENT_TARGET = 14.0;
				MTL_ENABLE_DEBUG_INFO = INCLUDE_SOURCE;
				MTL_FAST_MATH = YES;
				ONLY_ACTIVE_ARCH = YES;
				SDKROOT = iphoneos;
				SWIFT_ACTIVE_COMPILATION_CONDITIONS = DEBUG;
				SWIFT_OPTIMIZATION_LEVEL = "-Onone";
			};
			name = Debug;
		};
		84B0305024F07BA600D2DB79 /* Release */ = {
			isa = XCBuildConfiguration;
			buildSettings = {
				ALWAYS_SEARCH_USER_PATHS = NO;
				CLANG_ANALYZER_NONNULL = YES;
				CLANG_ANALYZER_NUMBER_OBJECT_CONVERSION = YES_AGGRESSIVE;
				CLANG_CXX_LANGUAGE_STANDARD = "gnu++14";
				CLANG_CXX_LIBRARY = "libc++";
				CLANG_ENABLE_MODULES = YES;
				CLANG_ENABLE_OBJC_ARC = YES;
				CLANG_ENABLE_OBJC_WEAK = YES;
				CLANG_WARN_BLOCK_CAPTURE_AUTORELEASING = YES;
				CLANG_WARN_BOOL_CONVERSION = YES;
				CLANG_WARN_COMMA = YES;
				CLANG_WARN_CONSTANT_CONVERSION = YES;
				CLANG_WARN_DEPRECATED_OBJC_IMPLEMENTATIONS = YES;
				CLANG_WARN_DIRECT_OBJC_ISA_USAGE = YES_ERROR;
				CLANG_WARN_DOCUMENTATION_COMMENTS = YES;
				CLANG_WARN_EMPTY_BODY = YES;
				CLANG_WARN_ENUM_CONVERSION = YES;
				CLANG_WARN_INFINITE_RECURSION = YES;
				CLANG_WARN_INT_CONVERSION = YES;
				CLANG_WARN_NON_LITERAL_NULL_CONVERSION = YES;
				CLANG_WARN_OBJC_IMPLICIT_RETAIN_SELF = YES;
				CLANG_WARN_OBJC_LITERAL_CONVERSION = YES;
				CLANG_WARN_OBJC_ROOT_CLASS = YES_ERROR;
				CLANG_WARN_QUOTED_INCLUDE_IN_FRAMEWORK_HEADER = YES;
				CLANG_WARN_RANGE_LOOP_ANALYSIS = YES;
				CLANG_WARN_STRICT_PROTOTYPES = YES;
				CLANG_WARN_SUSPICIOUS_MOVE = YES;
				CLANG_WARN_UNGUARDED_AVAILABILITY = YES_AGGRESSIVE;
				CLANG_WARN_UNREACHABLE_CODE = YES;
				CLANG_WARN__DUPLICATE_METHOD_MATCH = YES;
				COPY_PHASE_STRIP = NO;
				DEBUG_INFORMATION_FORMAT = "dwarf-with-dsym";
				ENABLE_NS_ASSERTIONS = NO;
				ENABLE_STRICT_OBJC_MSGSEND = YES;
				GCC_C_LANGUAGE_STANDARD = gnu11;
				GCC_NO_COMMON_BLOCKS = YES;
				GCC_WARN_64_TO_32_BIT_CONVERSION = YES;
				GCC_WARN_ABOUT_RETURN_TYPE = YES_ERROR;
				GCC_WARN_UNDECLARED_SELECTOR = YES;
				GCC_WARN_UNINITIALIZED_AUTOS = YES_AGGRESSIVE;
				GCC_WARN_UNUSED_FUNCTION = YES;
				GCC_WARN_UNUSED_VARIABLE = YES;
				IPHONEOS_DEPLOYMENT_TARGET = 14.0;
				MTL_ENABLE_DEBUG_INFO = NO;
				MTL_FAST_MATH = YES;
				SDKROOT = iphoneos;
				SWIFT_COMPILATION_MODE = wholemodule;
				SWIFT_OPTIMIZATION_LEVEL = "-O";
				VALIDATE_PRODUCT = YES;
			};
			name = Release;
		};
		84B0305224F07BA600D2DB79 /* Debug */ = {
			isa = XCBuildConfiguration;
			buildSettings = {
				ALWAYS_EMBED_SWIFT_STANDARD_LIBRARIES = YES;
				ASSETCATALOG_COMPILER_APPICON_NAME = AppIcon;
				ASSETCATALOG_COMPILER_GLOBAL_ACCENT_COLOR_NAME = AccentColor;
				CODE_SIGN_ENTITLEMENTS = SouthParkWidgetApp/SouthParkWidgetApp.entitlements;
				CODE_SIGN_STYLE = Automatic;
				DEVELOPMENT_ASSET_PATHS = "\"SouthParkWidgetApp/Preview Content\"";
				DEVELOPMENT_TEAM = QL5NJ29227;
				ENABLE_PREVIEWS = YES;
				INFOPLIST_FILE = SouthParkWidgetApp/Info.plist;
				IPHONEOS_DEPLOYMENT_TARGET = 14.0;
				LD_RUNPATH_SEARCH_PATHS = (
					"$(inherited)",
					"@executable_path/Frameworks",
				);
				PRODUCT_BUNDLE_IDENTIFIER = com.nnmax1.SouthParkWidgetApp;
				PRODUCT_NAME = "$(TARGET_NAME)";
				SWIFT_VERSION = 5.0;
				TARGETED_DEVICE_FAMILY = "1,2";
			};
			name = Debug;
		};
		84B0305324F07BA600D2DB79 /* Release */ = {
			isa = XCBuildConfiguration;
			buildSettings = {
				ALWAYS_EMBED_SWIFT_STANDARD_LIBRARIES = YES;
				ASSETCATALOG_COMPILER_APPICON_NAME = AppIcon;
				ASSETCATALOG_COMPILER_GLOBAL_ACCENT_COLOR_NAME = AccentColor;
				CODE_SIGN_ENTITLEMENTS = SouthParkWidgetApp/SouthParkWidgetApp.entitlements;
				CODE_SIGN_STYLE = Automatic;
				DEVELOPMENT_ASSET_PATHS = "\"SouthParkWidgetApp/Preview Content\"";
				DEVELOPMENT_TEAM = QL5NJ29227;
				ENABLE_PREVIEWS = YES;
				INFOPLIST_FILE = SouthParkWidgetApp/Info.plist;
				IPHONEOS_DEPLOYMENT_TARGET = 14.0;
				LD_RUNPATH_SEARCH_PATHS = (
					"$(inherited)",
					"@executable_path/Frameworks",
				);
				PRODUCT_BUNDLE_IDENTIFIER = com.nnmax1.SouthParkWidgetApp;
				PRODUCT_NAME = "$(TARGET_NAME)";
				SWIFT_VERSION = 5.0;
				TARGETED_DEVICE_FAMILY = "1,2";
			};
			name = Release;
		};
		84B0305524F07BA600D2DB79 /* Debug */ = {
			isa = XCBuildConfiguration;
			buildSettings = {
				ALWAYS_EMBED_SWIFT_STANDARD_LIBRARIES = YES;
				BUNDLE_LOADER = "$(TEST_HOST)";
				CODE_SIGN_STYLE = Automatic;
				DEVELOPMENT_TEAM = QL5NJ29227;
				INFOPLIST_FILE = SouthParkWidgetAppTests/Info.plist;
				IPHONEOS_DEPLOYMENT_TARGET = 14.0;
				LD_RUNPATH_SEARCH_PATHS = (
					"$(inherited)",
					"@executable_path/Frameworks",
					"@loader_path/Frameworks",
				);
				PRODUCT_BUNDLE_IDENTIFIER = com.nnmax1.SouthParkWidgetAppTests;
				PRODUCT_NAME = "$(TARGET_NAME)";
				SWIFT_VERSION = 5.0;
				TARGETED_DEVICE_FAMILY = "1,2";
				TEST_HOST = "$(BUILT_PRODUCTS_DIR)/SouthParkWidgetApp.app/SouthParkWidgetApp";
			};
			name = Debug;
		};
		84B0305624F07BA600D2DB79 /* Release */ = {
			isa = XCBuildConfiguration;
			buildSettings = {
				ALWAYS_EMBED_SWIFT_STANDARD_LIBRARIES = YES;
				BUNDLE_LOADER = "$(TEST_HOST)";
				CODE_SIGN_STYLE = Automatic;
				DEVELOPMENT_TEAM = QL5NJ29227;
				INFOPLIST_FILE = SouthParkWidgetAppTests/Info.plist;
				IPHONEOS_DEPLOYMENT_TARGET = 14.0;
				LD_RUNPATH_SEARCH_PATHS = (
					"$(inherited)",
					"@executable_path/Frameworks",
					"@loader_path/Frameworks",
				);
				PRODUCT_BUNDLE_IDENTIFIER = com.nnmax1.SouthParkWidgetAppTests;
				PRODUCT_NAME = "$(TARGET_NAME)";
				SWIFT_VERSION = 5.0;
				TARGETED_DEVICE_FAMILY = "1,2";
				TEST_HOST = "$(BUILT_PRODUCTS_DIR)/SouthParkWidgetApp.app/SouthParkWidgetApp";
			};
			name = Release;
		};
		84B0305824F07BA600D2DB79 /* Debug */ = {
			isa = XCBuildConfiguration;
			buildSettings = {
				ALWAYS_EMBED_SWIFT_STANDARD_LIBRARIES = YES;
				CODE_SIGN_STYLE = Automatic;
				DEVELOPMENT_TEAM = QL5NJ29227;
				INFOPLIST_FILE = SouthParkWidgetAppUITests/Info.plist;
				LD_RUNPATH_SEARCH_PATHS = (
					"$(inherited)",
					"@executable_path/Frameworks",
					"@loader_path/Frameworks",
				);
				PRODUCT_BUNDLE_IDENTIFIER = com.nnmax1.SouthParkWidgetAppUITests;
				PRODUCT_NAME = "$(TARGET_NAME)";
				SWIFT_VERSION = 5.0;
				TARGETED_DEVICE_FAMILY = "1,2";
				TEST_TARGET_NAME = SouthParkWidgetApp;
			};
			name = Debug;
		};
		84B0305924F07BA600D2DB79 /* Release */ = {
			isa = XCBuildConfiguration;
			buildSettings = {
				ALWAYS_EMBED_SWIFT_STANDARD_LIBRARIES = YES;
				CODE_SIGN_STYLE = Automatic;
				DEVELOPMENT_TEAM = QL5NJ29227;
				INFOPLIST_FILE = SouthParkWidgetAppUITests/Info.plist;
				LD_RUNPATH_SEARCH_PATHS = (
					"$(inherited)",
					"@executable_path/Frameworks",
					"@loader_path/Frameworks",
				);
				PRODUCT_BUNDLE_IDENTIFIER = com.nnmax1.SouthParkWidgetAppUITests;
				PRODUCT_NAME = "$(TARGET_NAME)";
				SWIFT_VERSION = 5.0;
				TARGETED_DEVICE_FAMILY = "1,2";
				TEST_TARGET_NAME = SouthParkWidgetApp;
			};
			name = Release;
		};
		84B0307A24F08B5500D2DB79 /* Debug */ = {
			isa = XCBuildConfiguration;
			buildSettings = {
				ASSETCATALOG_COMPILER_GLOBAL_ACCENT_COLOR_NAME = AccentColor;
				ASSETCATALOG_COMPILER_WIDGET_BACKGROUND_COLOR_NAME = WidgetBackground;
				CODE_SIGN_STYLE = Automatic;
				DEVELOPMENT_TEAM = QL5NJ29227;
				INFOPLIST_FILE = SouthParkWidget/Info.plist;
				LD_RUNPATH_SEARCH_PATHS = (
					"$(inherited)",
					"@executable_path/Frameworks",
					"@executable_path/../../Frameworks",
				);
				PRODUCT_BUNDLE_IDENTIFIER = com.nnmax1.SouthParkWidgetApp.SouthParkWidget;
				PRODUCT_NAME = "$(TARGET_NAME)";
				SKIP_INSTALL = YES;
				SWIFT_VERSION = 5.0;
				TARGETED_DEVICE_FAMILY = "1,2";
			};
			name = Debug;
		};
		84B0307B24F08B5500D2DB79 /* Release */ = {
			isa = XCBuildConfiguration;
			buildSettings = {
				ASSETCATALOG_COMPILER_GLOBAL_ACCENT_COLOR_NAME = AccentColor;
				ASSETCATALOG_COMPILER_WIDGET_BACKGROUND_COLOR_NAME = WidgetBackground;
				CODE_SIGN_STYLE = Automatic;
				DEVELOPMENT_TEAM = QL5NJ29227;
				INFOPLIST_FILE = SouthParkWidget/Info.plist;
				LD_RUNPATH_SEARCH_PATHS = (
					"$(inherited)",
					"@executable_path/Frameworks",
					"@executable_path/../../Frameworks",
				);
				PRODUCT_BUNDLE_IDENTIFIER = com.nnmax1.SouthParkWidgetApp.SouthParkWidget;
				PRODUCT_NAME = "$(TARGET_NAME)";
				SKIP_INSTALL = YES;
				SWIFT_VERSION = 5.0;
				TARGETED_DEVICE_FAMILY = "1,2";
			};
			name = Release;
		};
/* End XCBuildConfiguration section */

/* Begin XCConfigurationList section */
		84B0302724F07BA300D2DB79 /* Build configuration list for PBXProject "SouthParkWidgetApp" */ = {
			isa = XCConfigurationList;
			buildConfigurations = (
				84B0304F24F07BA600D2DB79 /* Debug */,
				84B0305024F07BA600D2DB79 /* Release */,
			);
			defaultConfigurationIsVisible = 0;
			defaultConfigurationName = Release;
		};
		84B0305124F07BA600D2DB79 /* Build configuration list for PBXNativeTarget "SouthParkWidgetApp" */ = {
			isa = XCConfigurationList;
			buildConfigurations = (
				84B0305224F07BA600D2DB79 /* Debug */,
				84B0305324F07BA600D2DB79 /* Release */,
			);
			defaultConfigurationIsVisible = 0;
			defaultConfigurationName = Release;
		};
		84B0305424F07BA600D2DB79 /* Build configuration list for PBXNativeTarget "SouthParkWidgetAppTests" */ = {
			isa = XCConfigurationList;
			buildConfigurations = (
				84B0305524F07BA600D2DB79 /* Debug */,
				84B0305624F07BA600D2DB79 /* Release */,
			);
			defaultConfigurationIsVisible = 0;
			defaultConfigurationName = Release;
		};
		84B0305724F07BA600D2DB79 /* Build configuration list for PBXNativeTarget "SouthParkWidgetAppUITests" */ = {
			isa = XCConfigurationList;
			buildConfigurations = (
				84B0305824F07BA600D2DB79 /* Debug */,
				84B0305924F07BA600D2DB79 /* Release */,
			);
			defaultConfigurationIsVisible = 0;
			defaultConfigurationName = Release;
		};
		84B0307924F08B5500D2DB79 /* Build configuration list for PBXNativeTarget "SouthParkWidgetExtension" */ = {
			isa = XCConfigurationList;
			buildConfigurations = (
				84B0307A24F08B5500D2DB79 /* Debug */,
				84B0307B24F08B5500D2DB79 /* Release */,
			);
			defaultConfigurationIsVisible = 0;
			defaultConfigurationName = Release;
		};
/* End XCConfigurationList section */
	};
	rootObject = 84B0302424F07BA300D2DB79 /* Project object */;
}
